
Microsoft Visual Studio Solution File, Format Version 12.00
# Visual Studio 15
VisualStudioVersion = 15.0.26228.9
MinimumVisualStudioVersion = 10.0.40219.1
Project("{FAE04EC0-301F-11D3-BF4B-00C04F79EFBC}") = "CompetitionProgrammingJudgeSystemDotnetLibrary", "CompetitionProgrammingJudgeSystemDotnetLibrary\CompetitionProgrammingJudgeSystemDotnetLibrary.csproj", "{C2107E71-3BB1-48C2-9B4A-D6A20EE685FF}"
EndProject
Global
	GlobalSection(SolutionConfigurationPlatforms) = preSolution
		Debug|Any CPU = Debug|Any CPU
		Release|Any CPU = Release|Any CPU
	EndGlobalSection
	GlobalSection(ProjectConfigurationPlatforms) = postSolution
		{C2107E71-3BB1-48C2-9B4A-D6A20EE685FF}.Debug|Any CPU.ActiveCfg = Debug|Any CPU
		{C2107E71-3BB1-48C2-9B4A-D6A20EE685FF}.Debug|Any CPU.Build.0 = Debug|Any CPU
		{C2107E71-3BB1-48C2-9B4A-D6A20EE685FF}.Release|Any CPU.ActiveCfg = Release|Any CPU
		{C2107E71-3BB1-48C2-9B4A-D6A20EE685FF}.Release|Any CPU.Build.0 = Release|Any CPU
	EndGlobalSection
	GlobalSection(SolutionProperties) = preSolution
		HideSolutionNode = FALSE
	EndGlobalSection
EndGlobal
